
Microsoft Visual Studio Solution File, Format Version 12.00
# Visual Studio Version 17
VisualStudioVersion = 17.4.33205.214
MinimumVisualStudioVersion = 10.0.40219.1
Project("{FAE04EC0-301F-11D3-BF4B-00C04F79EFBC}") = "CSharpSchool", "CSharpSchool\CSharpSchool.csproj", "{19376180-425B-48CC-9D18-C5E364C71565}"
EndProject
Global
	GlobalSection(SolutionConfigurationPlatforms) = preSolution
		Debug|Any CPU = Debug|Any CPU
		Release|Any CPU = Release|Any CPU
	EndGlobalSection
	GlobalSection(ProjectConfigurationPlatforms) = postSolution
		{19376180-425B-48CC-9D18-C5E364C71565}.Debug|Any CPU.ActiveCfg = Debug|Any CPU
		{19376180-425B-48CC-9D18-C5E364C71565}.Debug|Any CPU.Build.0 = Debug|Any CPU
		{19376180-425B-48CC-9D18-C5E364C71565}.Release|Any CPU.ActiveCfg = Release|Any CPU
		{19376180-425B-48CC-9D18-C5E364C71565}.Release|Any CPU.Build.0 = Release|Any CPU
	EndGlobalSection
	GlobalSection(SolutionProperties) = preSolution
		HideSolutionNode = FALSE
	EndGlobalSection
	GlobalSection(ExtensibilityGlobals) = postSolution
		SolutionGuid = {859D12C1-26FA-46AA-8FCE-E6A313D05B93}
	EndGlobalSection
EndGlobal
